
Microsoft Visual Studio Solution File, Format Version 12.00
# Visual Studio Version 17
VisualStudioVersion = 17.6.33723.286
MinimumVisualStudioVersion = 10.0.40219.1
Project("{9A19103F-16F7-4668-BE54-9A1E7A4F7556}") = "BulkyWeb", "BulkyWeb\BulkyWeb.csproj", "{7E520348-D627-4B41-80F3-F0ED8F84BACD}"
EndProject
Project("{FAE04EC0-301F-11D3-BF4B-00C04F79EFBC}") = "Bulky.DataAccess", "Bulky.DataAccess\Bulky.DataAccess.csproj", "{357FCABA-B929-452A-96DC-6C19CE45AED6}"
EndProject
Project("{FAE04EC0-301F-11D3-BF4B-00C04F79EFBC}") = "Bulky.Models", "Bulky.Models\Bulky.Models.csproj", "{3237395C-333D-416B-831A-E8309F923B93}"
EndProject
Project("{FAE04EC0-301F-11D3-BF4B-00C04F79EFBC}") = "Bulky.Utility", "Bulky.Utility\Bulky.Utility.csproj", "{BFA05CB7-3530-4DB1-87CA-4D6A725DC4FB}"
EndProject
Global
	GlobalSection(SolutionConfigurationPlatforms) = preSolution
		Debug|Any CPU = Debug|Any CPU
		Release|Any CPU = Release|Any CPU
	EndGlobalSection
	GlobalSection(ProjectConfigurationPlatforms) = postSolution
		{7E520348-D627-4B41-80F3-F0ED8F84BACD}.Debug|Any CPU.ActiveCfg = Debug|Any CPU
		{7E520348-D627-4B41-80F3-F0ED8F84BACD}.Debug|Any CPU.Build.0 = Debug|Any CPU
		{7E520348-D627-4B41-80F3-F0ED8F84BACD}.Release|Any CPU.ActiveCfg = Release|Any CPU
		{7E520348-D627-4B41-80F3-F0ED8F84BACD}.Release|Any CPU.Build.0 = Release|Any CPU
		{357FCABA-B929-452A-96DC-6C19CE45AED6}.Debug|Any CPU.ActiveCfg = Debug|Any CPU
		{357FCABA-B929-452A-96DC-6C19CE45AED6}.Debug|Any CPU.Build.0 = Debug|Any CPU
		{357FCABA-B929-452A-96DC-6C19CE45AED6}.Release|Any CPU.ActiveCfg = Release|Any CPU
		{357FCABA-B929-452A-96DC-6C19CE45AED6}.Release|Any CPU.Build.0 = Release|Any CPU
		{3237395C-333D-416B-831A-E8309F923B93}.Debug|Any CPU.ActiveCfg = Debug|Any CPU
		{3237395C-333D-416B-831A-E8309F923B93}.Debug|Any CPU.Build.0 = Debug|Any CPU
		{3237395C-333D-416B-831A-E8309F923B93}.Release|Any CPU.ActiveCfg = Release|Any CPU
		{3237395C-333D-416B-831A-E8309F923B93}.Release|Any CPU.Build.0 = Release|Any CPU
		{BFA05CB7-3530-4DB1-87CA-4D6A725DC4FB}.Debug|Any CPU.ActiveCfg = Debug|Any CPU
		{BFA05CB7-3530-4DB1-87CA-4D6A725DC4FB}.Debug|Any CPU.Build.0 = Debug|Any CPU
		{BFA05CB7-3530-4DB1-87CA-4D6A725DC4FB}.Release|Any CPU.ActiveCfg = Release|Any CPU
		{BFA05CB7-3530-4DB1-87CA-4D6A725DC4FB}.Release|Any CPU.Build.0 = Release|Any CPU
	EndGlobalSection
	GlobalSection(SolutionProperties) = preSolution
		HideSolutionNode = FALSE
	EndGlobalSection
	GlobalSection(ExtensibilityGlobals) = postSolution
		SolutionGuid = {1EEF48EE-3A8B-422A-A5A8-5BEF7BE05ECF}
	EndGlobalSection
EndGlobal
